
Microsoft Visual Studio Solution File, Format Version 12.00
# Visual Studio 14
VisualStudioVersion = 14.0.25420.1
MinimumVisualStudioVersion = 10.0.40219.1
Project("{FAE04EC0-301F-11D3-BF4B-00C04F79EFBC}") = "stm-unity", "stm-unity.csproj", "{7CB73DD1-ED31-84B9-D8F5-66803C4ECDA8}"
EndProject
Project("{FAE04EC0-301F-11D3-BF4B-00C04F79EFBC}") = "stm-unity.Editor", "stm-unity.Editor.csproj", "{CF22CDFD-1219-1CBC-64DC-5FCCCBDD2789}"
EndProject
Project("{930C7802-8A8C-48F9-8165-68863BCCD9DD}") = "stm-setup", "stm-installer\stm-setup.wixproj", "{1FBE9655-0F22-42C0-B38E-41EE7690EC91}"
EndProject
Global
	GlobalSection(SolutionConfigurationPlatforms) = preSolution
		Debug|Any CPU = Debug|Any CPU
		Release|Any CPU = Release|Any CPU
	EndGlobalSection
	GlobalSection(ProjectConfigurationPlatforms) = postSolution
		{7CB73DD1-ED31-84B9-D8F5-66803C4ECDA8}.Debug|Any CPU.ActiveCfg = Debug|Any CPU
		{7CB73DD1-ED31-84B9-D8F5-66803C4ECDA8}.Debug|Any CPU.Build.0 = Debug|Any CPU
		{7CB73DD1-ED31-84B9-D8F5-66803C4ECDA8}.Release|Any CPU.ActiveCfg = Release|Any CPU
		{7CB73DD1-ED31-84B9-D8F5-66803C4ECDA8}.Release|Any CPU.Build.0 = Release|Any CPU
		{CF22CDFD-1219-1CBC-64DC-5FCCCBDD2789}.Debug|Any CPU.ActiveCfg = Debug|Any CPU
		{CF22CDFD-1219-1CBC-64DC-5FCCCBDD2789}.Debug|Any CPU.Build.0 = Debug|Any CPU
		{CF22CDFD-1219-1CBC-64DC-5FCCCBDD2789}.Release|Any CPU.ActiveCfg = Release|Any CPU
		{CF22CDFD-1219-1CBC-64DC-5FCCCBDD2789}.Release|Any CPU.Build.0 = Release|Any CPU
		{1FBE9655-0F22-42C0-B38E-41EE7690EC91}.Debug|Any CPU.ActiveCfg = Debug|x86
		{1FBE9655-0F22-42C0-B38E-41EE7690EC91}.Release|Any CPU.ActiveCfg = Release|x86
	EndGlobalSection
	GlobalSection(SolutionProperties) = preSolution
		HideSolutionNode = FALSE
	EndGlobalSection
EndGlobal
