
Microsoft Visual Studio Solution File, Format Version 12.00
# Visual Studio 15
VisualStudioVersion = 15.0.27130.2020
MinimumVisualStudioVersion = 10.0.40219.1
Project("{930C7802-8A8C-48F9-8165-68863BCCD9DD}") = "PlayGen.SportsTeamManager.Installer", "PlayGen.SportsTeamManager.Installer.wixproj", "{1FBE9655-0F22-42C0-B38E-41EE7690EC91}"
EndProject
Project("{FAE04EC0-301F-11D3-BF4B-00C04F79EFBC}") = "SportsTeamManager", "SportsTeamManager.csproj", "{38380C16-BA32-43D5-A2D8-5DBC49845811}"
EndProject
Global
	GlobalSection(SolutionConfigurationPlatforms) = preSolution
		Debug|Any CPU = Debug|Any CPU
		Debug|x86 = Debug|x86
		Release|Any CPU = Release|Any CPU
		Release|x86 = Release|x86
	EndGlobalSection
	GlobalSection(ProjectConfigurationPlatforms) = postSolution
		{1FBE9655-0F22-42C0-B38E-41EE7690EC91}.Debug|Any CPU.ActiveCfg = Debug|x86
		{1FBE9655-0F22-42C0-B38E-41EE7690EC91}.Debug|x86.ActiveCfg = Debug|x86
		{1FBE9655-0F22-42C0-B38E-41EE7690EC91}.Debug|x86.Build.0 = Debug|x86
		{1FBE9655-0F22-42C0-B38E-41EE7690EC91}.Release|Any CPU.ActiveCfg = Release|x86
		{1FBE9655-0F22-42C0-B38E-41EE7690EC91}.Release|x86.ActiveCfg = Release|x86
		{1FBE9655-0F22-42C0-B38E-41EE7690EC91}.Release|x86.Build.0 = Release|x86
		{38380C16-BA32-43D5-A2D8-5DBC49845811}.Debug|Any CPU.ActiveCfg = Debug|Any CPU
		{38380C16-BA32-43D5-A2D8-5DBC49845811}.Debug|Any CPU.Build.0 = Debug|Any CPU
		{38380C16-BA32-43D5-A2D8-5DBC49845811}.Debug|x86.ActiveCfg = Debug|Any CPU
		{38380C16-BA32-43D5-A2D8-5DBC49845811}.Debug|x86.Build.0 = Debug|Any CPU
		{38380C16-BA32-43D5-A2D8-5DBC49845811}.Release|Any CPU.ActiveCfg = Release|Any CPU
		{38380C16-BA32-43D5-A2D8-5DBC49845811}.Release|Any CPU.Build.0 = Release|Any CPU
		{38380C16-BA32-43D5-A2D8-5DBC49845811}.Release|x86.ActiveCfg = Release|Any CPU
		{38380C16-BA32-43D5-A2D8-5DBC49845811}.Release|x86.Build.0 = Release|Any CPU
	EndGlobalSection
	GlobalSection(SolutionProperties) = preSolution
		HideSolutionNode = FALSE
	EndGlobalSection
	GlobalSection(ExtensibilityGlobals) = postSolution
		SolutionGuid = {1851D1C2-2F70-4874-9D68-0AF4AA098355}
	EndGlobalSection
EndGlobal
